{
	"name": "@alterior/di",
	"version": "3.0.0-beta.17",
	"lockfileVersion": 1,
	"requires": true,
	"dependencies": {
		"@alterior/annotations": {
			"version": "3.0.0-beta.17",
			"resolved": "https://registry.npmjs.org/@alterior/annotations/-/annotations-3.0.0-beta.17.tgz",
			"integrity": "sha512-TmYWEnPRCDeLNQHQr2gVux8fdbK3f/eUtkE9NDGXg5SQnJMFs31euT/sVVQEpPbi3CV1HykN2V42DmfmiycTmQ==",
			"requires": {
				"@alterior/common": "^3.0.0-beta.17",
				"reflect-metadata": "^0.1.12"
			}
		},
		"@alterior/common": {
			"version": "3.0.0-beta.17",
			"resolved": "https://registry.npmjs.org/@alterior/common/-/common-3.0.0-beta.17.tgz",
			"integrity": "sha512-DFQvdJBBXD808elnM0of3RzfthlbZPD6VlhYQo54TR9x2OrrMXgCQst/mBu4giD2hfyDOwdYlFHqjcifrYpHwQ==",
			"requires": {
				"dotenv": "^6.0.0",
				"rxjs": "^6.3.1"
			}
		},
		"dotenv": {
			"version": "6.1.0",
			"resolved": "https://registry.npmjs.org/dotenv/-/dotenv-6.1.0.tgz",
			"integrity": "sha512-/veDn2ztgRlB7gKmE3i9f6CmDIyXAy6d5nBq+whO9SLX+Zs1sXEgFLPi+aSuWqUuusMfbi84fT8j34fs1HaYUw=="
		},
		"injection-js": {
			"version": "2.2.1",
			"resolved": "https://registry.npmjs.org/injection-js/-/injection-js-2.2.1.tgz",
			"integrity": "sha512-zHI+E+dM0PXix5FFTO1Y4/UOyAzE7zG1l/QwAn4jchTThOoBq+UYRFK4AVG7lQgFL+go62SbrzSsjXy9DFEZUg=="
		},
		"reflect-metadata": {
			"version": "0.1.12",
			"resolved": "https://registry.npmjs.org/reflect-metadata/-/reflect-metadata-0.1.12.tgz",
			"integrity": "sha512-n+IyV+nGz3+0q3/Yf1ra12KpCyi001bi4XFxSjbiWWjfqb52iTTtpGXmCCAOWWIAn9KEuFZKGqBERHmrtScZ3A=="
		},
		"rxjs": {
			"version": "6.3.3",
			"resolved": "https://registry.npmjs.org/rxjs/-/rxjs-6.3.3.tgz",
			"integrity": "sha512-JTWmoY9tWCs7zvIk/CvRjhjGaOd+OVBM987mxFo+OW66cGpdKjZcpmc74ES1sB//7Kl/PAe8+wEakuhG4pcgOw==",
			"requires": {
				"tslib": "^1.9.0"
			}
		},
		"tslib": {
			"version": "1.9.3",
			"resolved": "https://registry.npmjs.org/tslib/-/tslib-1.9.3.tgz",
			"integrity": "sha512-4krF8scpejhaOgqzBEcGM7yDIEfi0/8+8zDRZhNZZ2kjmHJ4hv3zCbQWxoJGz1iw5U0Jl0nma13xzHXcncMavQ=="
		},
		"typescript": {
			"version": "3.0.3",
			"resolved": "https://registry.npmjs.org/typescript/-/typescript-3.0.3.tgz",
			"integrity": "sha512-kk80vLW9iGtjMnIv11qyxLqZm20UklzuR2tL0QAnDIygIUIemcZMxlMWudl9OOt76H3ntVzcTiddQ1/pAAJMYg==",
			"dev": true
		}
	}
}
