{
	"name": "@alterior/platform-angular",
	"version": "3.0.0-beta.75",
	"lockfileVersion": 2,
	"requires": true,
	"packages": {
		"": {
			"name": "@alterior/platform-angular",
			"version": "3.0.0-beta.75",
			"license": "MIT",
			"devDependencies": {
				"@angular/core": "^9.1.9",
				"rxjs": "^6.5.5",
				"tslib": "^2.0.0",
				"typescript": "^4.1.5",
				"zone.js": "^0.11.4"
			},
			"peerDependencies": {
				"@angular/core": "^9.1.0"
			}
		},
		"node_modules/@angular/core": {
			"version": "9.1.9",
			"resolved": "https://registry.npmjs.org/@angular/core/-/core-9.1.9.tgz",
			"integrity": "sha512-q/DERgVU6vK2LtTcdVCGGBcoO424WsEfImh3Vcuy+P/ZVmthlDUC/+q+tSKt8MMf4hLpxFDQJE8vUSkktj7QEw==",
			"dev": true
		},
		"node_modules/rxjs": {
			"version": "6.5.5",
			"resolved": "https://registry.npmjs.org/rxjs/-/rxjs-6.5.5.tgz",
			"integrity": "sha512-WfQI+1gohdf0Dai/Bbmk5L5ItH5tYqm3ki2c5GdWhKjalzjg93N3avFjVStyZZz+A2Em+ZxKH5bNghw9UeylGQ==",
			"dev": true,
			"dependencies": {
				"tslib": "^1.9.0"
			},
			"engines": {
				"npm": ">=2.0.0"
			}
		},
		"node_modules/rxjs/node_modules/tslib": {
			"version": "1.13.0",
			"resolved": "https://registry.npmjs.org/tslib/-/tslib-1.13.0.tgz",
			"integrity": "sha512-i/6DQjL8Xf3be4K/E6Wgpekn5Qasl1usyw++dAA35Ue5orEn65VIxOA+YvNNl9HV3qv70T7CNwjODHZrLwvd1Q==",
			"dev": true
		},
		"node_modules/tslib": {
			"version": "2.0.0",
			"resolved": "https://registry.npmjs.org/tslib/-/tslib-2.0.0.tgz",
			"integrity": "sha512-lTqkx847PI7xEDYJntxZH89L2/aXInsyF2luSafe/+0fHOMjlBNXdH6th7f70qxLDhul7KZK0zC8V5ZIyHl0/g==",
			"dev": true
		},
		"node_modules/typescript": {
			"version": "4.1.5",
			"resolved": "https://registry.npmjs.org/typescript/-/typescript-4.1.5.tgz",
			"integrity": "sha512-6OSu9PTIzmn9TCDiovULTnET6BgXtDYL4Gg4szY+cGsc3JP1dQL8qvE8kShTRx1NIw4Q9IBHlwODjkjWEtMUyA==",
			"dev": true,
			"bin": {
				"tsc": "bin/tsc",
				"tsserver": "bin/tsserver"
			},
			"engines": {
				"node": ">=4.2.0"
			}
		},
		"node_modules/zone.js": {
			"version": "0.11.4",
			"resolved": "https://registry.npmjs.org/zone.js/-/zone.js-0.11.4.tgz",
			"integrity": "sha512-DDh2Ab+A/B+9mJyajPjHFPWfYU1H+pdun4wnnk0OcQTNjem1XQSZ2CDW+rfZEUDjv5M19SBqAkjZi0x5wuB5Qw==",
			"dev": true,
			"dependencies": {
				"tslib": "^2.0.0"
			}
		}
	},
	"dependencies": {
		"@angular/core": {
			"version": "9.1.9",
			"resolved": "https://registry.npmjs.org/@angular/core/-/core-9.1.9.tgz",
			"integrity": "sha512-q/DERgVU6vK2LtTcdVCGGBcoO424WsEfImh3Vcuy+P/ZVmthlDUC/+q+tSKt8MMf4hLpxFDQJE8vUSkktj7QEw==",
			"dev": true
		},
		"rxjs": {
			"version": "6.5.5",
			"resolved": "https://registry.npmjs.org/rxjs/-/rxjs-6.5.5.tgz",
			"integrity": "sha512-WfQI+1gohdf0Dai/Bbmk5L5ItH5tYqm3ki2c5GdWhKjalzjg93N3avFjVStyZZz+A2Em+ZxKH5bNghw9UeylGQ==",
			"dev": true,
			"requires": {
				"tslib": "^1.9.0"
			},
			"dependencies": {
				"tslib": {
					"version": "1.13.0",
					"resolved": "https://registry.npmjs.org/tslib/-/tslib-1.13.0.tgz",
					"integrity": "sha512-i/6DQjL8Xf3be4K/E6Wgpekn5Qasl1usyw++dAA35Ue5orEn65VIxOA+YvNNl9HV3qv70T7CNwjODHZrLwvd1Q==",
					"dev": true
				}
			}
		},
		"tslib": {
			"version": "2.0.0",
			"resolved": "https://registry.npmjs.org/tslib/-/tslib-2.0.0.tgz",
			"integrity": "sha512-lTqkx847PI7xEDYJntxZH89L2/aXInsyF2luSafe/+0fHOMjlBNXdH6th7f70qxLDhul7KZK0zC8V5ZIyHl0/g==",
			"dev": true
		},
		"typescript": {
			"version": "4.1.5",
			"resolved": "https://registry.npmjs.org/typescript/-/typescript-4.1.5.tgz",
			"integrity": "sha512-6OSu9PTIzmn9TCDiovULTnET6BgXtDYL4Gg4szY+cGsc3JP1dQL8qvE8kShTRx1NIw4Q9IBHlwODjkjWEtMUyA==",
			"dev": true
		},
		"zone.js": {
			"version": "0.11.4",
			"resolved": "https://registry.npmjs.org/zone.js/-/zone.js-0.11.4.tgz",
			"integrity": "sha512-DDh2Ab+A/B+9mJyajPjHFPWfYU1H+pdun4wnnk0OcQTNjem1XQSZ2CDW+rfZEUDjv5M19SBqAkjZi0x5wuB5Qw==",
			"dev": true,
			"requires": {
				"tslib": "^2.0.0"
			}
		}
	}
}
