{
  "name": "@alterior/platform-angular",
  "version": "3.0.0-beta.69",
  "lockfileVersion": 1,
  "requires": true,
  "dependencies": {
    "@alterior/annotations": {
      "version": "3.0.0-beta.69",
      "resolved": "https://registry.npmjs.org/@alterior/annotations/-/annotations-3.0.0-beta.69.tgz",
      "integrity": "sha512-MbMPNLQcdcD+PGY/Vq+2D0MNtxDbykqd3l1O4WuH8vOS8enf42tVzWhrS93oEEPrT/K/v00Q+/pbOc2qVRIUTQ==",
      "requires": {
        "@alterior/common": "^3.0.0-beta.69",
        "reflect-metadata": "^0.1.12",
        "tslib": "^2.0.0"
      }
    },
    "@alterior/common": {
      "version": "3.0.0-beta.69",
      "resolved": "https://registry.npmjs.org/@alterior/common/-/common-3.0.0-beta.69.tgz",
      "integrity": "sha512-eOH82VWkyR6akY1mXGlw447nrIMlWOkSkMhN+5yM05E7HhyTc2+B4n7FbkQFKtRukFk2PamCHz8f8H8IHob1Qw==",
      "requires": {
        "dotenv": "^6.2.0",
        "rxjs": "^6.3.1",
        "tslib": "^2.0.0"
      }
    },
    "@alterior/di": {
      "version": "3.0.0-beta.69",
      "resolved": "https://registry.npmjs.org/@alterior/di/-/di-3.0.0-beta.69.tgz",
      "integrity": "sha512-5cOK4sPPQik6EviebI8Z4zVpBHryIJc+PRBNGPJAY4KmVH8bue88UHOTC18fxElogKBNGctruataUn6NUQPixg==",
      "requires": {
        "@alterior/annotations": "^3.0.0-beta.69",
        "@alterior/common": "^3.0.0-beta.69",
        "zone.js": "^0.10.3"
      }
    },
    "@alterior/runtime": {
      "version": "3.0.0-beta.69",
      "resolved": "https://registry.npmjs.org/@alterior/runtime/-/runtime-3.0.0-beta.69.tgz",
      "integrity": "sha512-YwdSscDxHAW0djNVzd6G/AllVYM7xo5MGWi6i15hUbGT4oAHVGUr82HzdNowuATobehsFtV9ZlCwLPCafXgS1g==",
      "requires": {
        "@alterior/annotations": "^3.0.0-beta.69",
        "@alterior/common": "^3.0.0-beta.69",
        "@alterior/di": "^3.0.0-beta.69",
        "@avejidah/get-parameter-names": "^0.3.2",
        "reflect-metadata": "^0.1.12",
        "tslib": "^2.0.0"
      }
    },
    "@angular/core": {
      "version": "9.1.9",
      "resolved": "https://registry.npmjs.org/@angular/core/-/core-9.1.9.tgz",
      "integrity": "sha512-q/DERgVU6vK2LtTcdVCGGBcoO424WsEfImh3Vcuy+P/ZVmthlDUC/+q+tSKt8MMf4hLpxFDQJE8vUSkktj7QEw==",
      "dev": true
    },
    "@avejidah/get-parameter-names": {
      "version": "0.3.2",
      "resolved": "https://registry.npmjs.org/@avejidah/get-parameter-names/-/get-parameter-names-0.3.2.tgz",
      "integrity": "sha1-ZirVGPRWC2esHH7SixN87K3suR0="
    },
    "@types/zone.js": {
      "version": "0.5.12",
      "resolved": "https://registry.npmjs.org/@types/zone.js/-/zone.js-0.5.12.tgz",
      "integrity": "sha1-QQFhOkne++9k/v2zuAlpn+CPaLw=",
      "dev": true,
      "requires": {
        "zone.js": "*"
      }
    },
    "dotenv": {
      "version": "6.2.0",
      "resolved": "https://registry.npmjs.org/dotenv/-/dotenv-6.2.0.tgz",
      "integrity": "sha512-HygQCKUBSFl8wKQZBSemMywRWcEDNidvNbjGVyZu3nbZ8qq9ubiPoGLMdRDpfSrpkkm9BXYFkpKxxFX38o/76w==",
      "optional": true
    },
    "reflect-metadata": {
      "version": "0.1.13",
      "resolved": "https://registry.npmjs.org/reflect-metadata/-/reflect-metadata-0.1.13.tgz",
      "integrity": "sha512-Ts1Y/anZELhSsjMcU605fU9RE4Oi3p5ORujwbIKXfWa+0Zxs510Qrmrce5/Jowq3cHSZSJqBjypxmHarc+vEWg=="
    },
    "rxjs": {
      "version": "6.5.5",
      "resolved": "https://registry.npmjs.org/rxjs/-/rxjs-6.5.5.tgz",
      "integrity": "sha512-WfQI+1gohdf0Dai/Bbmk5L5ItH5tYqm3ki2c5GdWhKjalzjg93N3avFjVStyZZz+A2Em+ZxKH5bNghw9UeylGQ==",
      "requires": {
        "tslib": "^1.9.0"
      },
      "dependencies": {
        "tslib": {
          "version": "1.13.0",
          "resolved": "https://registry.npmjs.org/tslib/-/tslib-1.13.0.tgz",
          "integrity": "sha512-i/6DQjL8Xf3be4K/E6Wgpekn5Qasl1usyw++dAA35Ue5orEn65VIxOA+YvNNl9HV3qv70T7CNwjODHZrLwvd1Q=="
        }
      }
    },
    "tslib": {
      "version": "2.0.0",
      "resolved": "https://registry.npmjs.org/tslib/-/tslib-2.0.0.tgz",
      "integrity": "sha512-lTqkx847PI7xEDYJntxZH89L2/aXInsyF2luSafe/+0fHOMjlBNXdH6th7f70qxLDhul7KZK0zC8V5ZIyHl0/g=="
    },
    "typescript": {
      "version": "3.9.5",
      "resolved": "https://registry.npmjs.org/typescript/-/typescript-3.9.5.tgz",
      "integrity": "sha512-hSAifV3k+i6lEoCJ2k6R2Z/rp/H3+8sdmcn5NrS3/3kE7+RyZXm9aqvxWqjEXHAd8b0pShatpcdMTvEdvAJltQ==",
      "dev": true
    },
    "zone.js": {
      "version": "0.10.3",
      "resolved": "https://registry.npmjs.org/zone.js/-/zone.js-0.10.3.tgz",
      "integrity": "sha512-LXVLVEq0NNOqK/fLJo3d0kfzd4sxwn2/h67/02pjCjfKDxgx1i9QqpvtHD8CrBnSSwMw5+dy11O7FRX5mkO7Cg=="
    }
  }
}
