{
  "name": "@alterior/platform-angular",
  "version": "3.0.6",
  "lockfileVersion": 2,
  "requires": true,
  "packages": {
    "": {
      "name": "@alterior/platform-angular",
      "version": "3.0.6",
      "license": "MIT",
      "dependencies": {
        "@alterior/annotations": "^3.0.6",
        "@alterior/common": "^3.0.6",
        "@alterior/di": "^3.0.6",
        "@alterior/runtime": "^3.0.6"
      },
      "devDependencies": {
        "@angular/core": "^11.0.5",
        "rxjs": "^6.5.5"
      },
      "engines": {
        "node": ">=10"
      },
      "peerDependencies": {
        "@angular/core": "^9.1.0 || ^10 || ^11 || ^12 || ^13 || ^14"
      }
    },
    "node_modules/@alterior/annotations": {
      "version": "3.0.6",
      "resolved": "https://registry.npmjs.org/@alterior/annotations/-/annotations-3.0.6.tgz",
      "integrity": "sha512-ayQdVY1CsjoiSaDPlkAzs7XrX9b+Rd018wIW3UbM45Zr4fGciCDRAX8CJoAh/YQeKY6O0gAkyI9JdKsus240rg==",
      "dependencies": {
        "@alterior/common": "^3.0.6",
        "reflect-metadata": "^0.1.12",
        "tslib": "^2.3.1"
      },
      "engines": {
        "node": ">=10"
      }
    },
    "node_modules/@alterior/common": {
      "version": "3.0.6",
      "resolved": "https://registry.npmjs.org/@alterior/common/-/common-3.0.6.tgz",
      "integrity": "sha512-ofPDJu4f0x98acpDvF4v7zebtkFd9CRHsg8bDuGPWHH9FRBhpwGsVnLyBQoPR9TftuWtGaldZCbtrebwFRC8rw==",
      "dependencies": {
        "rxjs": "^6.6.7",
        "tslib": "^2.3.1"
      },
      "engines": {
        "node": ">=10"
      },
      "peerDependencies": {
        "reflect-metadata": "^0.1.13"
      }
    },
    "node_modules/@alterior/di": {
      "version": "3.0.6",
      "resolved": "https://registry.npmjs.org/@alterior/di/-/di-3.0.6.tgz",
      "integrity": "sha512-pJCKy3ya7WRUvXqJIYJdOG1gqWQOlRFKLO/phxI2WqwoDKy3vR5PAnPAEsp3CQsMikrZYnRZY11odiGe6uIsQg==",
      "dependencies": {
        "@alterior/annotations": "^3.0.6",
        "@alterior/common": "^3.0.6",
        "zone.js": "^0.11.4"
      },
      "engines": {
        "node": ">=10"
      }
    },
    "node_modules/@alterior/runtime": {
      "version": "3.0.6",
      "resolved": "https://registry.npmjs.org/@alterior/runtime/-/runtime-3.0.6.tgz",
      "integrity": "sha512-7EXBj8/MQ547R+LU49BJHGXjbELFVF1S7rC5h713igzGFi/7tIomLwOx8OpQldXH3abOh6OyDB57GdmUr5aHcQ==",
      "dependencies": {
        "@alterior/annotations": "^3.0.6",
        "@alterior/common": "^3.0.6",
        "@alterior/di": "^3.0.6",
        "@avejidah/get-parameter-names": "^0.3.2",
        "reflect-metadata": "^0.1.12",
        "tslib": "^2.3.1"
      },
      "engines": {
        "node": ">=10"
      },
      "peerDependencies": {
        "zone.js": "^0.11.4"
      }
    },
    "node_modules/@angular/core": {
      "version": "11.0.5",
      "resolved": "https://registry.npmjs.org/@angular/core/-/core-11.0.5.tgz",
      "integrity": "sha512-XAXWQi7R3ucZXQwx9QK5jSKJeQyRJ53u2dQDpr7R5stzeCy1a5hrNOkZLg9zOTTPcth/6+FrOrRZP9SMdxtw3w==",
      "dev": true,
      "dependencies": {
        "tslib": "^2.0.0"
      },
      "peerDependencies": {
        "rxjs": "^6.5.3",
        "zone.js": "~0.10.3"
      }
    },
    "node_modules/@avejidah/get-parameter-names": {
      "version": "0.3.2",
      "resolved": "https://registry.npmjs.org/@avejidah/get-parameter-names/-/get-parameter-names-0.3.2.tgz",
      "integrity": "sha1-ZirVGPRWC2esHH7SixN87K3suR0=",
      "engines": {
        "node": ">= 0.4.0"
      }
    },
    "node_modules/reflect-metadata": {
      "version": "0.1.13",
      "resolved": "https://registry.npmjs.org/reflect-metadata/-/reflect-metadata-0.1.13.tgz",
      "integrity": "sha512-Ts1Y/anZELhSsjMcU605fU9RE4Oi3p5ORujwbIKXfWa+0Zxs510Qrmrce5/Jowq3cHSZSJqBjypxmHarc+vEWg=="
    },
    "node_modules/rxjs": {
      "version": "6.6.7",
      "resolved": "https://registry.npmjs.org/rxjs/-/rxjs-6.6.7.tgz",
      "integrity": "sha512-hTdwr+7yYNIT5n4AMYp85KA6yw2Va0FLa3Rguvbpa4W3I5xynaBZo41cM3XM+4Q6fRMj3sBYIR1VAmZMXYJvRQ==",
      "dependencies": {
        "tslib": "^1.9.0"
      },
      "engines": {
        "npm": ">=2.0.0"
      }
    },
    "node_modules/rxjs/node_modules/tslib": {
      "version": "1.13.0",
      "resolved": "https://registry.npmjs.org/tslib/-/tslib-1.13.0.tgz",
      "integrity": "sha512-i/6DQjL8Xf3be4K/E6Wgpekn5Qasl1usyw++dAA35Ue5orEn65VIxOA+YvNNl9HV3qv70T7CNwjODHZrLwvd1Q=="
    },
    "node_modules/tslib": {
      "version": "2.3.1",
      "resolved": "https://registry.npmjs.org/tslib/-/tslib-2.3.1.tgz",
      "integrity": "sha512-77EbyPPpMz+FRFRuAFlWMtmgUWGe9UOG2Z25NqCwiIjRhOf5iKGuzSe5P2w1laq+FkRy4p+PCuVkJSGkzTEKVw=="
    },
    "node_modules/zone.js": {
      "version": "0.11.4",
      "resolved": "https://registry.npmjs.org/zone.js/-/zone.js-0.11.4.tgz",
      "integrity": "sha512-DDh2Ab+A/B+9mJyajPjHFPWfYU1H+pdun4wnnk0OcQTNjem1XQSZ2CDW+rfZEUDjv5M19SBqAkjZi0x5wuB5Qw==",
      "dependencies": {
        "tslib": "^2.0.0"
      }
    }
  },
  "dependencies": {
    "@alterior/annotations": {
      "version": "3.0.6",
      "resolved": "https://registry.npmjs.org/@alterior/annotations/-/annotations-3.0.6.tgz",
      "integrity": "sha512-ayQdVY1CsjoiSaDPlkAzs7XrX9b+Rd018wIW3UbM45Zr4fGciCDRAX8CJoAh/YQeKY6O0gAkyI9JdKsus240rg==",
      "requires": {
        "@alterior/common": "^3.0.6",
        "reflect-metadata": "^0.1.12",
        "tslib": "^2.3.1"
      }
    },
    "@alterior/common": {
      "version": "3.0.6",
      "resolved": "https://registry.npmjs.org/@alterior/common/-/common-3.0.6.tgz",
      "integrity": "sha512-ofPDJu4f0x98acpDvF4v7zebtkFd9CRHsg8bDuGPWHH9FRBhpwGsVnLyBQoPR9TftuWtGaldZCbtrebwFRC8rw==",
      "requires": {
        "rxjs": "^6.6.7",
        "tslib": "^2.3.1"
      }
    },
    "@alterior/di": {
      "version": "3.0.6",
      "resolved": "https://registry.npmjs.org/@alterior/di/-/di-3.0.6.tgz",
      "integrity": "sha512-pJCKy3ya7WRUvXqJIYJdOG1gqWQOlRFKLO/phxI2WqwoDKy3vR5PAnPAEsp3CQsMikrZYnRZY11odiGe6uIsQg==",
      "requires": {
        "@alterior/annotations": "^3.0.6",
        "@alterior/common": "^3.0.6",
        "zone.js": "^0.11.4"
      }
    },
    "@alterior/runtime": {
      "version": "3.0.6",
      "resolved": "https://registry.npmjs.org/@alterior/runtime/-/runtime-3.0.6.tgz",
      "integrity": "sha512-7EXBj8/MQ547R+LU49BJHGXjbELFVF1S7rC5h713igzGFi/7tIomLwOx8OpQldXH3abOh6OyDB57GdmUr5aHcQ==",
      "requires": {
        "@alterior/annotations": "^3.0.6",
        "@alterior/common": "^3.0.6",
        "@alterior/di": "^3.0.6",
        "@avejidah/get-parameter-names": "^0.3.2",
        "reflect-metadata": "^0.1.12",
        "tslib": "^2.3.1"
      }
    },
    "@angular/core": {
      "version": "11.0.5",
      "resolved": "https://registry.npmjs.org/@angular/core/-/core-11.0.5.tgz",
      "integrity": "sha512-XAXWQi7R3ucZXQwx9QK5jSKJeQyRJ53u2dQDpr7R5stzeCy1a5hrNOkZLg9zOTTPcth/6+FrOrRZP9SMdxtw3w==",
      "dev": true,
      "requires": {
        "tslib": "^2.0.0"
      }
    },
    "@avejidah/get-parameter-names": {
      "version": "0.3.2",
      "resolved": "https://registry.npmjs.org/@avejidah/get-parameter-names/-/get-parameter-names-0.3.2.tgz",
      "integrity": "sha1-ZirVGPRWC2esHH7SixN87K3suR0="
    },
    "reflect-metadata": {
      "version": "0.1.13",
      "resolved": "https://registry.npmjs.org/reflect-metadata/-/reflect-metadata-0.1.13.tgz",
      "integrity": "sha512-Ts1Y/anZELhSsjMcU605fU9RE4Oi3p5ORujwbIKXfWa+0Zxs510Qrmrce5/Jowq3cHSZSJqBjypxmHarc+vEWg=="
    },
    "rxjs": {
      "version": "6.6.7",
      "resolved": "https://registry.npmjs.org/rxjs/-/rxjs-6.6.7.tgz",
      "integrity": "sha512-hTdwr+7yYNIT5n4AMYp85KA6yw2Va0FLa3Rguvbpa4W3I5xynaBZo41cM3XM+4Q6fRMj3sBYIR1VAmZMXYJvRQ==",
      "requires": {
        "tslib": "^1.9.0"
      },
      "dependencies": {
        "tslib": {
          "version": "1.13.0",
          "resolved": "https://registry.npmjs.org/tslib/-/tslib-1.13.0.tgz",
          "integrity": "sha512-i/6DQjL8Xf3be4K/E6Wgpekn5Qasl1usyw++dAA35Ue5orEn65VIxOA+YvNNl9HV3qv70T7CNwjODHZrLwvd1Q=="
        }
      }
    },
    "tslib": {
      "version": "2.3.1",
      "resolved": "https://registry.npmjs.org/tslib/-/tslib-2.3.1.tgz",
      "integrity": "sha512-77EbyPPpMz+FRFRuAFlWMtmgUWGe9UOG2Z25NqCwiIjRhOf5iKGuzSe5P2w1laq+FkRy4p+PCuVkJSGkzTEKVw=="
    },
    "zone.js": {
      "version": "0.11.4",
      "resolved": "https://registry.npmjs.org/zone.js/-/zone.js-0.11.4.tgz",
      "integrity": "sha512-DDh2Ab+A/B+9mJyajPjHFPWfYU1H+pdun4wnnk0OcQTNjem1XQSZ2CDW+rfZEUDjv5M19SBqAkjZi0x5wuB5Qw==",
      "requires": {
        "tslib": "^2.0.0"
      }
    }
  }
}
