{
	"name": "@alterior/common",
	"version": "3.0.0-beta.4",
	"lockfileVersion": 1,
	"requires": true,
	"dependencies": {
		"@types/node": {
			"version": "10.9.4",
			"resolved": "https://registry.npmjs.org/@types/node/-/node-10.9.4.tgz",
			"integrity": "sha512-fCHV45gS+m3hH17zgkgADUSi2RR1Vht6wOZ0jyHP8rjiQra9f+mIcgwPQHllmDocYOstIEbKlxbFDYlgrTPYqw==",
			"dev": true
		},
		"buffer-from": {
			"version": "1.1.1",
			"resolved": "https://registry.npmjs.org/buffer-from/-/buffer-from-1.1.1.tgz",
			"integrity": "sha512-MQcXEUbCKtEo7bhqEs6560Hyd4XaovZlO/k9V3hjVUF/zwW7KBVdSK4gIt/bzwS9MbR5qob+F5jusZsb0YQK2A=="
		},
		"colors": {
			"version": "1.3.2",
			"resolved": "https://registry.npmjs.org/colors/-/colors-1.3.2.tgz",
			"integrity": "sha512-rhP0JSBGYvpcNQj4s5AdShMeE5ahMop96cTeDl/v9qQQm2fYClE2QXZRi8wLzc+GmXSxdIqqbOIAhyObEXDbfQ=="
		},
		"dotenv": {
			"version": "6.0.0",
			"resolved": "https://registry.npmjs.org/dotenv/-/dotenv-6.0.0.tgz",
			"integrity": "sha512-FlWbnhgjtwD+uNLUGHbMykMOYQaTivdHEmYwAKFjn6GKe/CqY0fNae93ZHTd20snh9ZLr8mTzIL9m0APQ1pjQg=="
		},
		"razmin": {
			"version": "0.2.0",
			"resolved": "https://registry.npmjs.org/razmin/-/razmin-0.2.0.tgz",
			"integrity": "sha512-GvKRA0cpVedlvgz02h1DcOtPXnpvh01zghK/Xy+BIjl4WLBgISfKVAx9SbBU96xa7V6GtKroUN4BONRAFrP4/Q==",
			"requires": {
				"colors": "^1.1.2",
				"rxjs": "^5.5.6",
				"source-map-support": "^0.5.0",
				"zone.js": "^0.8.20"
			},
			"dependencies": {
				"rxjs": {
					"version": "5.5.12",
					"resolved": "https://registry.npmjs.org/rxjs/-/rxjs-5.5.12.tgz",
					"integrity": "sha512-xx2itnL5sBbqeeiVgNPVuQQ1nC8Jp2WfNJhXWHmElW9YmrpS9UVnNzhP3EH3HFqexO5Tlp8GhYY+WEcqcVMvGw==",
					"requires": {
						"symbol-observable": "1.0.1"
					}
				}
			}
		},
		"rxjs": {
			"version": "6.3.2",
			"resolved": "https://registry.npmjs.org/rxjs/-/rxjs-6.3.2.tgz",
			"integrity": "sha512-hV7criqbR0pe7EeL3O66UYVg92IR0XsA97+9y+BWTePK9SKmEI5Qd3Zj6uPnGkNzXsBywBQWTvujPl+1Kn9Zjw==",
			"requires": {
				"tslib": "^1.9.0"
			}
		},
		"source-map": {
			"version": "0.6.1",
			"resolved": "https://registry.npmjs.org/source-map/-/source-map-0.6.1.tgz",
			"integrity": "sha512-UjgapumWlbMhkBgzT7Ykc5YXUT46F0iKu8SGXq0bcwP5dz/h0Plj6enJqjz1Zbq2l5WaqYnrVbwWOWMyF3F47g=="
		},
		"source-map-support": {
			"version": "0.5.9",
			"resolved": "https://registry.npmjs.org/source-map-support/-/source-map-support-0.5.9.tgz",
			"integrity": "sha512-gR6Rw4MvUlYy83vP0vxoVNzM6t8MUXqNuRsuBmBHQDu1Fh6X015FrLdgoDKcNdkwGubozq0P4N0Q37UyFVr1EA==",
			"requires": {
				"buffer-from": "^1.0.0",
				"source-map": "^0.6.0"
			}
		},
		"symbol-observable": {
			"version": "1.0.1",
			"resolved": "https://registry.npmjs.org/symbol-observable/-/symbol-observable-1.0.1.tgz",
			"integrity": "sha1-g0D8RwLDEi310iKI+IKD9RPT/dQ="
		},
		"tslib": {
			"version": "1.9.3",
			"resolved": "https://registry.npmjs.org/tslib/-/tslib-1.9.3.tgz",
			"integrity": "sha512-4krF8scpejhaOgqzBEcGM7yDIEfi0/8+8zDRZhNZZ2kjmHJ4hv3zCbQWxoJGz1iw5U0Jl0nma13xzHXcncMavQ=="
		},
		"zone.js": {
			"version": "0.8.26",
			"resolved": "https://registry.npmjs.org/zone.js/-/zone.js-0.8.26.tgz",
			"integrity": "sha512-W9Nj+UmBJG251wkCacIkETgra4QgBo/vgoEkb4a2uoLzpQG7qF9nzwoLXWU5xj3Fg2mxGvEDh47mg24vXccYjA=="
		}
	}
}
